# This file is autogenerated, do not edit; changes may be undone by the next 'dep ensure'.


[[projects]]
  digest = "1:276b1553a866a15eeb3817f8689b51b69f1903a38ad7692bb369ff5b1e171910"
  name = "github.com/DATA-DOG/godog"
  packages = [
    ".",
    "colors",
    "gherkin",
  ]
  pruneopts = "UT"
  revision = "d1db163b8f115dc74e1f504fc6a5558bdb5b3256"
  version = "v0.7.10"

[solve-meta]
  analyzer-name = "dep"
  analyzer-version = 1
  input-imports = [
    "github.com/DATA-DOG/godog",
    "github.com/DATA-DOG/godog/colors",
  ]
  solver-name = "gps-cdcl"
  solver-version = 1
